// !$*UTF8*$!
{
	archiveVersion = 1;
	classes = {
	};
	objectVersion = 56;
	objects = {

/* Begin PBXBuildFile section */
		B86BF69729E261BD0061B37B /* SwiftUIMemoApp.swift in Sources */ = {isa = PBXBuildFile; fileRef = B86BF69629E261BD0061B37B /* SwiftUIMemoApp.swift */; };
		B86BF69929E261BD0061B37B /* Persistence.swift in Sources */ = {isa = PBXBuildFile; fileRef = B86BF69829E261BD0061B37B /* Persistence.swift */; };
		B86BF69C29E261BD0061B37B /* SwiftUIMemo.xcdatamodeld in Sources */ = {isa = PBXBuildFile; fileRef = B86BF69A29E261BD0061B37B /* SwiftUIMemo.xcdatamodeld */; };
		B86BF6A029E261BE0061B37B /* Assets.xcassets in Resources */ = {isa = PBXBuildFile; fileRef = B86BF69F29E261BE0061B37B /* Assets.xcassets */; };
		B86BF6A429E261BE0061B37B /* Preview Assets.xcassets in Resources */ = {isa = PBXBuildFile; fileRef = B86BF6A329E261BE0061B37B /* Preview Assets.xcassets */; };
		B86BF6AE29E261BE0061B37B /* SwiftUIMemoTests.swift in Sources */ = {isa = PBXBuildFile; fileRef = B86BF6AD29E261BE0061B37B /* SwiftUIMemoTests.swift */; };
		B86BF6B829E261BE0061B37B /* SwiftUIMemoUITests.swift in Sources */ = {isa = PBXBuildFile; fileRef = B86BF6B729E261BE0061B37B /* SwiftUIMemoUITests.swift */; };
		B86BF6BA29E261BE0061B37B /* SwiftUIMemoUITestsLaunchTests.swift in Sources */ = {isa = PBXBuildFile; fileRef = B86BF6B929E261BE0061B37B /* SwiftUIMemoUITestsLaunchTests.swift */; };
		B86BF6CA29E262290061B37B /* MainListView.swift in Sources */ = {isa = PBXBuildFile; fileRef = B86BF6C929E262290061B37B /* MainListView.swift */; };
		B86BF6CC29E2670A0061B37B /* Memo.swift in Sources */ = {isa = PBXBuildFile; fileRef = B86BF6CB29E2670A0061B37B /* Memo.swift */; };
		B86BF6CE29E267A40061B37B /* MemoStore.swift in Sources */ = {isa = PBXBuildFile; fileRef = B86BF6CD29E267A40061B37B /* MemoStore.swift */; };
		B86BF6D329E26EED0061B37B /* MemoCell.swift in Sources */ = {isa = PBXBuildFile; fileRef = B86BF6D229E26EED0061B37B /* MemoCell.swift */; };
		B86BF6D529E270D90061B37B /* ComeposeView.swift in Sources */ = {isa = PBXBuildFile; fileRef = B86BF6D429E270D90061B37B /* ComeposeView.swift */; };
		B86BF6D729E274A90061B37B /* DetailView.swift in Sources */ = {isa = PBXBuildFile; fileRef = B86BF6D629E274A90061B37B /* DetailView.swift */; };
/* End PBXBuildFile section */

/* Begin PBXContainerItemProxy section */
		B86BF6AA29E261BE0061B37B /* PBXContainerItemProxy */ = {
			isa = PBXContainerItemProxy;
			containerPortal = B86BF68B29E261BD0061B37B /* Project object */;
			proxyType = 1;
			remoteGlobalIDString = B86BF69229E261BD0061B37B;
			remoteInfo = SwiftUIMemo;
		};
		B86BF6B429E261BE0061B37B /* PBXContainerItemProxy */ = {
			isa = PBXContainerItemProxy;
			containerPortal = B86BF68B29E261BD0061B37B /* Project object */;
			proxyType = 1;
			remoteGlobalIDString = B86BF69229E261BD0061B37B;
			remoteInfo = SwiftUIMemo;
		};
/* End PBXContainerItemProxy section */

/* Begin PBXFileReference section */
		B86BF69329E261BD0061B37B /* SwiftUIMemo.app */ = {isa = PBXFileReference; explicitFileType = wrapper.application; includeInIndex = 0; path = SwiftUIMemo.app; sourceTree = BUILT_PRODUCTS_DIR; };
		B86BF69629E261BD0061B37B /* SwiftUIMemoApp.swift */ = {isa = PBXFileReference; lastKnownFileType = sourcecode.swift; path = SwiftUIMemoApp.swift; sourceTree = "<group>"; };
		B86BF69829E261BD0061B37B /* Persistence.swift */ = {isa = PBXFileReference; lastKnownFileType = sourcecode.swift; path = Persistence.swift; sourceTree = "<group>"; };
		B86BF69B29E261BD0061B37B /* SwiftUIMemo.xcdatamodel */ = {isa = PBXFileReference; lastKnownFileType = wrapper.xcdatamodel; path = SwiftUIMemo.xcdatamodel; sourceTree = "<group>"; };
		B86BF69F29E261BE0061B37B /* Assets.xcassets */ = {isa = PBXFileReference; lastKnownFileType = folder.assetcatalog; path = Assets.xcassets; sourceTree = "<group>"; };
		B86BF6A129E261BE0061B37B /* SwiftUIMemo.entitlements */ = {isa = PBXFileReference; lastKnownFileType = text.plist.entitlements; path = SwiftUIMemo.entitlements; sourceTree = "<group>"; };
		B86BF6A329E261BE0061B37B /* Preview Assets.xcassets */ = {isa = PBXFileReference; lastKnownFileType = folder.assetcatalog; path = "Preview Assets.xcassets"; sourceTree = "<group>"; };
		B86BF6A929E261BE0061B37B /* SwiftUIMemoTests.xctest */ = {isa = PBXFileReference; explicitFileType = wrapper.cfbundle; includeInIndex = 0; path = SwiftUIMemoTests.xctest; sourceTree = BUILT_PRODUCTS_DIR; };
		B86BF6AD29E261BE0061B37B /* SwiftUIMemoTests.swift */ = {isa = PBXFileReference; lastKnownFileType = sourcecode.swift; path = SwiftUIMemoTests.swift; sourceTree = "<group>"; };
		B86BF6B329E261BE0061B37B /* SwiftUIMemoUITests.xctest */ = {isa = PBXFileReference; explicitFileType = wrapper.cfbundle; includeInIndex = 0; path = SwiftUIMemoUITests.xctest; sourceTree = BUILT_PRODUCTS_DIR; };
		B86BF6B729E261BE0061B37B /* SwiftUIMemoUITests.swift */ = {isa = PBXFileReference; lastKnownFileType = sourcecode.swift; path = SwiftUIMemoUITests.swift; sourceTree = "<group>"; };
		B86BF6B929E261BE0061B37B /* SwiftUIMemoUITestsLaunchTests.swift */ = {isa = PBXFileReference; lastKnownFileType = sourcecode.swift; path = SwiftUIMemoUITestsLaunchTests.swift; sourceTree = "<group>"; };
		B86BF6C929E262290061B37B /* MainListView.swift */ = {isa = PBXFileReference; lastKnownFileType = sourcecode.swift; path = MainListView.swift; sourceTree = "<group>"; };
		B86BF6CB29E2670A0061B37B /* Memo.swift */ = {isa = PBXFileReference; lastKnownFileType = sourcecode.swift; path = Memo.swift; sourceTree = "<group>"; };
		B86BF6CD29E267A40061B37B /* MemoStore.swift */ = {isa = PBXFileReference; lastKnownFileType = sourcecode.swift; path = MemoStore.swift; sourceTree = "<group>"; };
		B86BF6D229E26EED0061B37B /* MemoCell.swift */ = {isa = PBXFileReference; lastKnownFileType = sourcecode.swift; path = MemoCell.swift; sourceTree = "<group>"; };
		B86BF6D429E270D90061B37B /* ComeposeView.swift */ = {isa = PBXFileReference; lastKnownFileType = sourcecode.swift; path = ComeposeView.swift; sourceTree = "<group>"; };
		B86BF6D629E274A90061B37B /* DetailView.swift */ = {isa = PBXFileReference; lastKnownFileType = sourcecode.swift; path = DetailView.swift; sourceTree = "<group>"; };
/* End PBXFileReference section */

/* Begin PBXFrameworksBuildPhase section */
		B86BF69029E261BD0061B37B /* Frameworks */ = {
			isa = PBXFrameworksBuildPhase;
			buildActionMask = 2147483647;
			files = (
			);
			runOnlyForDeploymentPostprocessing = 0;
		};
		B86BF6A629E261BE0061B37B /* Frameworks */ = {
			isa = PBXFrameworksBuildPhase;
			buildActionMask = 2147483647;
			files = (
			);
			runOnlyForDeploymentPostprocessing = 0;
		};
		B86BF6B029E261BE0061B37B /* Frameworks */ = {
			isa = PBXFrameworksBuildPhase;
			buildActionMask = 2147483647;
			files = (
			);
			runOnlyForDeploymentPostprocessing = 0;
		};
/* End PBXFrameworksBuildPhase section */

/* Begin PBXGroup section */
		B86BF68A29E261BD0061B37B = {
			isa = PBXGroup;
			children = (
				B86BF6C629E261D80061B37B /* Shared */,
				B86BF69529E261BD0061B37B /* SwiftUIMemo */,
				B86BF6AC29E261BE0061B37B /* SwiftUIMemoTests */,
				B86BF6B629E261BE0061B37B /* SwiftUIMemoUITests */,
				B86BF69429E261BD0061B37B /* Products */,
			);
			sourceTree = "<group>";
		};
		B86BF69429E261BD0061B37B /* Products */ = {
			isa = PBXGroup;
			children = (
				B86BF69329E261BD0061B37B /* SwiftUIMemo.app */,
				B86BF6A929E261BE0061B37B /* SwiftUIMemoTests.xctest */,
				B86BF6B329E261BE0061B37B /* SwiftUIMemoUITests.xctest */,
			);
			name = Products;
			sourceTree = "<group>";
		};
		B86BF69529E261BD0061B37B /* SwiftUIMemo */ = {
			isa = PBXGroup;
			children = (
				B86BF6A129E261BE0061B37B /* SwiftUIMemo.entitlements */,
				B86BF69629E261BD0061B37B /* SwiftUIMemoApp.swift */,
				B86BF69F29E261BE0061B37B /* Assets.xcassets */,
				B86BF6A229E261BE0061B37B /* Preview Content */,
			);
			path = SwiftUIMemo;
			sourceTree = "<group>";
		};
		B86BF6A229E261BE0061B37B /* Preview Content */ = {
			isa = PBXGroup;
			children = (
				B86BF6A329E261BE0061B37B /* Preview Assets.xcassets */,
			);
			path = "Preview Content";
			sourceTree = "<group>";
		};
		B86BF6AC29E261BE0061B37B /* SwiftUIMemoTests */ = {
			isa = PBXGroup;
			children = (
				B86BF6AD29E261BE0061B37B /* SwiftUIMemoTests.swift */,
			);
			path = SwiftUIMemoTests;
			sourceTree = "<group>";
		};
		B86BF6B629E261BE0061B37B /* SwiftUIMemoUITests */ = {
			isa = PBXGroup;
			children = (
				B86BF6B729E261BE0061B37B /* SwiftUIMemoUITests.swift */,
				B86BF6B929E261BE0061B37B /* SwiftUIMemoUITestsLaunchTests.swift */,
			);
			path = SwiftUIMemoUITests;
			sourceTree = "<group>";
		};
		B86BF6C629E261D80061B37B /* Shared */ = {
			isa = PBXGroup;
			children = (
				B86BF6CF29E26EB10061B37B /* View */,
				B86BF6C829E261ED0061B37B /* CoreData */,
				B86BF6C729E261E20061B37B /* Memory */,
			);
			path = Shared;
			sourceTree = "<group>";
		};
		B86BF6C729E261E20061B37B /* Memory */ = {
			isa = PBXGroup;
			children = (
				B86BF6CB29E2670A0061B37B /* Memo.swift */,
				B86BF6CD29E267A40061B37B /* MemoStore.swift */,
			);
			path = Memory;
			sourceTree = "<group>";
		};
		B86BF6C829E261ED0061B37B /* CoreData */ = {
			isa = PBXGroup;
			children = (
				B86BF69A29E261BD0061B37B /* SwiftUIMemo.xcdatamodeld */,
				B86BF69829E261BD0061B37B /* Persistence.swift */,
			);
			path = CoreData;
			sourceTree = "<group>";
		};
		B86BF6CF29E26EB10061B37B /* View */ = {
			isa = PBXGroup;
			children = (
				B86BF6D229E26EED0061B37B /* MemoCell.swift */,
				B86BF6C929E262290061B37B /* MainListView.swift */,
				B86BF6D429E270D90061B37B /* ComeposeView.swift */,
				B86BF6D629E274A90061B37B /* DetailView.swift */,
			);
			path = View;
			sourceTree = "<group>";
		};
/* End PBXGroup section */

/* Begin PBXNativeTarget section */
		B86BF69229E261BD0061B37B /* SwiftUIMemo */ = {
			isa = PBXNativeTarget;
			buildConfigurationList = B86BF6BD29E261BE0061B37B /* Build configuration list for PBXNativeTarget "SwiftUIMemo" */;
			buildPhases = (
				B86BF68F29E261BD0061B37B /* Sources */,
				B86BF69029E261BD0061B37B /* Frameworks */,
				B86BF69129E261BD0061B37B /* Resources */,
			);
			buildRules = (
			);
			dependencies = (
			);
			name = SwiftUIMemo;
			productName = SwiftUIMemo;
			productReference = B86BF69329E261BD0061B37B /* SwiftUIMemo.app */;
			productType = "com.apple.product-type.application";
		};
		B86BF6A829E261BE0061B37B /* SwiftUIMemoTests */ = {
			isa = PBXNativeTarget;
			buildConfigurationList = B86BF6C029E261BE0061B37B /* Build configuration list for PBXNativeTarget "SwiftUIMemoTests" */;
			buildPhases = (
				B86BF6A529E261BE0061B37B /* Sources */,
				B86BF6A629E261BE0061B37B /* Frameworks */,
				B86BF6A729E261BE0061B37B /* Resources */,
			);
			buildRules = (
			);
			dependencies = (
				B86BF6AB29E261BE0061B37B /* PBXTargetDependency */,
			);
			name = SwiftUIMemoTests;
			productName = SwiftUIMemoTests;
			productReference = B86BF6A929E261BE0061B37B /* SwiftUIMemoTests.xctest */;
			productType = "com.apple.product-type.bundle.unit-test";
		};
		B86BF6B229E261BE0061B37B /* SwiftUIMemoUITests */ = {
			isa = PBXNativeTarget;
			buildConfigurationList = B86BF6C329E261BE0061B37B /* Build configuration list for PBXNativeTarget "SwiftUIMemoUITests" */;
			buildPhases = (
				B86BF6AF29E261BE0061B37B /* Sources */,
				B86BF6B029E261BE0061B37B /* Frameworks */,
				B86BF6B129E261BE0061B37B /* Resources */,
			);
			buildRules = (
			);
			dependencies = (
				B86BF6B529E261BE0061B37B /* PBXTargetDependency */,
			);
			name = SwiftUIMemoUITests;
			productName = SwiftUIMemoUITests;
			productReference = B86BF6B329E261BE0061B37B /* SwiftUIMemoUITests.xctest */;
			productType = "com.apple.product-type.bundle.ui-testing";
		};
/* End PBXNativeTarget section */

/* Begin PBXProject section */
		B86BF68B29E261BD0061B37B /* Project object */ = {
			isa = PBXProject;
			attributes = {
				BuildIndependentTargetsInParallel = 1;
				LastSwiftUpdateCheck = 1430;
				LastUpgradeCheck = 1430;
				TargetAttributes = {
					B86BF69229E261BD0061B37B = {
						CreatedOnToolsVersion = 14.3;
					};
					B86BF6A829E261BE0061B37B = {
						CreatedOnToolsVersion = 14.3;
						TestTargetID = B86BF69229E261BD0061B37B;
					};
					B86BF6B229E261BE0061B37B = {
						CreatedOnToolsVersion = 14.3;
						TestTargetID = B86BF69229E261BD0061B37B;
					};
				};
			};
			buildConfigurationList = B86BF68E29E261BD0061B37B /* Build configuration list for PBXProject "SwiftUIMemo" */;
			compatibilityVersion = "Xcode 14.0";
			developmentRegion = en;
			hasScannedForEncodings = 0;
			knownRegions = (
				en,
				Base,
			);
			mainGroup = B86BF68A29E261BD0061B37B;
			productRefGroup = B86BF69429E261BD0061B37B /* Products */;
			projectDirPath = "";
			projectRoot = "";
			targets = (
				B86BF69229E261BD0061B37B /* SwiftUIMemo */,
				B86BF6A829E261BE0061B37B /* SwiftUIMemoTests */,
				B86BF6B229E261BE0061B37B /* SwiftUIMemoUITests */,
			);
		};
/* End PBXProject section */

/* Begin PBXResourcesBuildPhase section */
		B86BF69129E261BD0061B37B /* Resources */ = {
			isa = PBXResourcesBuildPhase;
			buildActionMask = 2147483647;
			files = (
				B86BF6A429E261BE0061B37B /* Preview Assets.xcassets in Resources */,
				B86BF6A029E261BE0061B37B /* Assets.xcassets in Resources */,
			);
			runOnlyForDeploymentPostprocessing = 0;
		};
		B86BF6A729E261BE0061B37B /* Resources */ = {
			isa = PBXResourcesBuildPhase;
			buildActionMask = 2147483647;
			files = (
			);
			runOnlyForDeploymentPostprocessing = 0;
		};
		B86BF6B129E261BE0061B37B /* Resources */ = {
			isa = PBXResourcesBuildPhase;
			buildActionMask = 2147483647;
			files = (
			);
			runOnlyForDeploymentPostprocessing = 0;
		};
/* End PBXResourcesBuildPhase section */

/* Begin PBXSourcesBuildPhase section */
		B86BF68F29E261BD0061B37B /* Sources */ = {
			isa = PBXSourcesBuildPhase;
			buildActionMask = 2147483647;
			files = (
				B86BF6D329E26EED0061B37B /* MemoCell.swift in Sources */,
				B86BF6D729E274A90061B37B /* DetailView.swift in Sources */,
				B86BF69C29E261BD0061B37B /* SwiftUIMemo.xcdatamodeld in Sources */,
				B86BF6CE29E267A40061B37B /* MemoStore.swift in Sources */,
				B86BF6D529E270D90061B37B /* ComeposeView.swift in Sources */,
				B86BF6CA29E262290061B37B /* MainListView.swift in Sources */,
				B86BF69729E261BD0061B37B /* SwiftUIMemoApp.swift in Sources */,
				B86BF69929E261BD0061B37B /* Persistence.swift in Sources */,
				B86BF6CC29E2670A0061B37B /* Memo.swift in Sources */,
			);
			runOnlyForDeploymentPostprocessing = 0;
		};
		B86BF6A529E261BE0061B37B /* Sources */ = {
			isa = PBXSourcesBuildPhase;
			buildActionMask = 2147483647;
			files = (
				B86BF6AE29E261BE0061B37B /* SwiftUIMemoTests.swift in Sources */,
			);
			runOnlyForDeploymentPostprocessing = 0;
		};
		B86BF6AF29E261BE0061B37B /* Sources */ = {
			isa = PBXSourcesBuildPhase;
			buildActionMask = 2147483647;
			files = (
				B86BF6BA29E261BE0061B37B /* SwiftUIMemoUITestsLaunchTests.swift in Sources */,
				B86BF6B829E261BE0061B37B /* SwiftUIMemoUITests.swift in Sources */,
			);
			runOnlyForDeploymentPostprocessing = 0;
		};
/* End PBXSourcesBuildPhase section */

/* Begin PBXTargetDependency section */
		B86BF6AB29E261BE0061B37B /* PBXTargetDependency */ = {
			isa = PBXTargetDependency;
			target = B86BF69229E261BD0061B37B /* SwiftUIMemo */;
			targetProxy = B86BF6AA29E261BE0061B37B /* PBXContainerItemProxy */;
		};
		B86BF6B529E261BE0061B37B /* PBXTargetDependency */ = {
			isa = PBXTargetDependency;
			target = B86BF69229E261BD0061B37B /* SwiftUIMemo */;
			targetProxy = B86BF6B429E261BE0061B37B /* PBXContainerItemProxy */;
		};
/* End PBXTargetDependency section */

/* Begin XCBuildConfiguration section */
		B86BF6BB29E261BE0061B37B /* Debug */ = {
			isa = XCBuildConfiguration;
			buildSettings = {
				ALWAYS_SEARCH_USER_PATHS = NO;
				CLANG_ANALYZER_NONNULL = YES;
				CLANG_ANALYZER_NUMBER_OBJECT_CONVERSION = YES_AGGRESSIVE;
				CLANG_CXX_LANGUAGE_STANDARD = "gnu++20";
				CLANG_ENABLE_MODULES = YES;
				CLANG_ENABLE_OBJC_ARC = YES;
				CLANG_ENABLE_OBJC_WEAK = YES;
				CLANG_WARN_BLOCK_CAPTURE_AUTORELEASING = YES;
				CLANG_WARN_BOOL_CONVERSION = YES;
				CLANG_WARN_COMMA = YES;
				CLANG_WARN_CONSTANT_CONVERSION = YES;
				CLANG_WARN_DEPRECATED_OBJC_IMPLEMENTATIONS = YES;
				CLANG_WARN_DIRECT_OBJC_ISA_USAGE = YES_ERROR;
				CLANG_WARN_DOCUMENTATION_COMMENTS = YES;
				CLANG_WARN_EMPTY_BODY = YES;
				CLANG_WARN_ENUM_CONVERSION = YES;
				CLANG_WARN_INFINITE_RECURSION = YES;
				CLANG_WARN_INT_CONVERSION = YES;
				CLANG_WARN_NON_LITERAL_NULL_CONVERSION = YES;
				CLANG_WARN_OBJC_IMPLICIT_RETAIN_SELF = YES;
				CLANG_WARN_OBJC_LITERAL_CONVERSION = YES;
				CLANG_WARN_OBJC_ROOT_CLASS = YES_ERROR;
				CLANG_WARN_QUOTED_INCLUDE_IN_FRAMEWORK_HEADER = YES;
				CLANG_WARN_RANGE_LOOP_ANALYSIS = YES;
				CLANG_WARN_STRICT_PROTOTYPES = YES;
				CLANG_WARN_SUSPICIOUS_MOVE = YES;
				CLANG_WARN_UNGUARDED_AVAILABILITY = YES_AGGRESSIVE;
				CLANG_WARN_UNREACHABLE_CODE = YES;
				CLANG_WARN__DUPLICATE_METHOD_MATCH = YES;
				COPY_PHASE_STRIP = NO;
				DEBUG_INFORMATION_FORMAT = dwarf;
				ENABLE_STRICT_OBJC_MSGSEND = YES;
				ENABLE_TESTABILITY = YES;
				GCC_C_LANGUAGE_STANDARD = gnu11;
				GCC_DYNAMIC_NO_PIC = NO;
				GCC_NO_COMMON_BLOCKS = YES;
				GCC_OPTIMIZATION_LEVEL = 0;
				GCC_PREPROCESSOR_DEFINITIONS = (
					"DEBUG=1",
					"$(inherited)",
				);
				GCC_WARN_64_TO_32_BIT_CONVERSION = YES;
				GCC_WARN_ABOUT_RETURN_TYPE = YES_ERROR;
				GCC_WARN_UNDECLARED_SELECTOR = YES;
				GCC_WARN_UNINITIALIZED_AUTOS = YES_AGGRESSIVE;
				GCC_WARN_UNUSED_FUNCTION = YES;
				GCC_WARN_UNUSED_VARIABLE = YES;
				MTL_ENABLE_DEBUG_INFO = INCLUDE_SOURCE;
				MTL_FAST_MATH = YES;
				ONLY_ACTIVE_ARCH = YES;
				SWIFT_ACTIVE_COMPILATION_CONDITIONS = DEBUG;
				SWIFT_OPTIMIZATION_LEVEL = "-Onone";
			};
			name = Debug;
		};
		B86BF6BC29E261BE0061B37B /* Release */ = {
			isa = XCBuildConfiguration;
			buildSettings = {
				ALWAYS_SEARCH_USER_PATHS = NO;
				CLANG_ANALYZER_NONNULL = YES;
				CLANG_ANALYZER_NUMBER_OBJECT_CONVERSION = YES_AGGRESSIVE;
				CLANG_CXX_LANGUAGE_STANDARD = "gnu++20";
				CLANG_ENABLE_MODULES = YES;
				CLANG_ENABLE_OBJC_ARC = YES;
				CLANG_ENABLE_OBJC_WEAK = YES;
				CLANG_WARN_BLOCK_CAPTURE_AUTORELEASING = YES;
				CLANG_WARN_BOOL_CONVERSION = YES;
				CLANG_WARN_COMMA = YES;
				CLANG_WARN_CONSTANT_CONVERSION = YES;
				CLANG_WARN_DEPRECATED_OBJC_IMPLEMENTATIONS = YES;
				CLANG_WARN_DIRECT_OBJC_ISA_USAGE = YES_ERROR;
				CLANG_WARN_DOCUMENTATION_COMMENTS = YES;
				CLANG_WARN_EMPTY_BODY = YES;
				CLANG_WARN_ENUM_CONVERSION = YES;
				CLANG_WARN_INFINITE_RECURSION = YES;
				CLANG_WARN_INT_CONVERSION = YES;
				CLANG_WARN_NON_LITERAL_NULL_CONVERSION = YES;
				CLANG_WARN_OBJC_IMPLICIT_RETAIN_SELF = YES;
				CLANG_WARN_OBJC_LITERAL_CONVERSION = YES;
				CLANG_WARN_OBJC_ROOT_CLASS = YES_ERROR;
				CLANG_WARN_QUOTED_INCLUDE_IN_FRAMEWORK_HEADER = YES;
				CLANG_WARN_RANGE_LOOP_ANALYSIS = YES;
				CLANG_WARN_STRICT_PROTOTYPES = YES;
				CLANG_WARN_SUSPICIOUS_MOVE = YES;
				CLANG_WARN_UNGUARDED_AVAILABILITY = YES_AGGRESSIVE;
				CLANG_WARN_UNREACHABLE_CODE = YES;
				CLANG_WARN__DUPLICATE_METHOD_MATCH = YES;
				COPY_PHASE_STRIP = NO;
				DEBUG_INFORMATION_FORMAT = "dwarf-with-dsym";
				ENABLE_NS_ASSERTIONS = NO;
				ENABLE_STRICT_OBJC_MSGSEND = YES;
				GCC_C_LANGUAGE_STANDARD = gnu11;
				GCC_NO_COMMON_BLOCKS = YES;
				GCC_WARN_64_TO_32_BIT_CONVERSION = YES;
				GCC_WARN_ABOUT_RETURN_TYPE = YES_ERROR;
				GCC_WARN_UNDECLARED_SELECTOR = YES;
				GCC_WARN_UNINITIALIZED_AUTOS = YES_AGGRESSIVE;
				GCC_WARN_UNUSED_FUNCTION = YES;
				GCC_WARN_UNUSED_VARIABLE = YES;
				MTL_ENABLE_DEBUG_INFO = NO;
				MTL_FAST_MATH = YES;
				SWIFT_COMPILATION_MODE = wholemodule;
				SWIFT_OPTIMIZATION_LEVEL = "-O";
			};
			name = Release;
		};
		B86BF6BE29E261BE0061B37B /* Debug */ = {
			isa = XCBuildConfiguration;
			buildSettings = {
				ASSETCATALOG_COMPILER_APPICON_NAME = AppIcon;
				ASSETCATALOG_COMPILER_GLOBAL_ACCENT_COLOR_NAME = AccentColor;
				CODE_SIGN_ENTITLEMENTS = SwiftUIMemo/SwiftUIMemo.entitlements;
				CODE_SIGN_STYLE = Automatic;
				CURRENT_PROJECT_VERSION = 1;
				DEVELOPMENT_ASSET_PATHS = "\"SwiftUIMemo/Preview Content\"";
				ENABLE_PREVIEWS = YES;
				GENERATE_INFOPLIST_FILE = YES;
				"INFOPLIST_KEY_UIApplicationSceneManifest_Generation[sdk=iphoneos*]" = YES;
				"INFOPLIST_KEY_UIApplicationSceneManifest_Generation[sdk=iphonesimulator*]" = YES;
				"INFOPLIST_KEY_UIApplicationSupportsIndirectInputEvents[sdk=iphoneos*]" = YES;
				"INFOPLIST_KEY_UIApplicationSupportsIndirectInputEvents[sdk=iphonesimulator*]" = YES;
				"INFOPLIST_KEY_UILaunchScreen_Generation[sdk=iphoneos*]" = YES;
				"INFOPLIST_KEY_UILaunchScreen_Generation[sdk=iphonesimulator*]" = YES;
				"INFOPLIST_KEY_UIStatusBarStyle[sdk=iphoneos*]" = UIStatusBarStyleDefault;
				"INFOPLIST_KEY_UIStatusBarStyle[sdk=iphonesimulator*]" = UIStatusBarStyleDefault;
				INFOPLIST_KEY_UISupportedInterfaceOrientations_iPad = "UIInterfaceOrientationPortrait UIInterfaceOrientationPortraitUpsideDown UIInterfaceOrientationLandscapeLeft UIInterfaceOrientationLandscapeRight";
				INFOPLIST_KEY_UISupportedInterfaceOrientations_iPhone = "UIInterfaceOrientationPortrait UIInterfaceOrientationLandscapeLeft UIInterfaceOrientationLandscapeRight";
				IPHONEOS_DEPLOYMENT_TARGET = 16.4;
				LD_RUNPATH_SEARCH_PATHS = "@executable_path/Frameworks";
				"LD_RUNPATH_SEARCH_PATHS[sdk=macosx*]" = "@executable_path/../Frameworks";
				MACOSX_DEPLOYMENT_TARGET = 13.3;
				MARKETING_VERSION = 1.0;
				PRODUCT_BUNDLE_IDENTIFIER = InhoYoo.SwiftUIMemo;
				PRODUCT_NAME = "$(TARGET_NAME)";
				SDKROOT = auto;
				SUPPORTED_PLATFORMS = "iphoneos iphonesimulator macosx";
				SWIFT_EMIT_LOC_STRINGS = YES;
				SWIFT_VERSION = 5.0;
				TARGETED_DEVICE_FAMILY = "1,2";
			};
			name = Debug;
		};
		B86BF6BF29E261BE0061B37B /* Release */ = {
			isa = XCBuildConfiguration;
			buildSettings = {
				ASSETCATALOG_COMPILER_APPICON_NAME = AppIcon;
				ASSETCATALOG_COMPILER_GLOBAL_ACCENT_COLOR_NAME = AccentColor;
				CODE_SIGN_ENTITLEMENTS = SwiftUIMemo/SwiftUIMemo.entitlements;
				CODE_SIGN_STYLE = Automatic;
				CURRENT_PROJECT_VERSION = 1;
				DEVELOPMENT_ASSET_PATHS = "\"SwiftUIMemo/Preview Content\"";
				ENABLE_PREVIEWS = YES;
				GENERATE_INFOPLIST_FILE = YES;
				"INFOPLIST_KEY_UIApplicationSceneManifest_Generation[sdk=iphoneos*]" = YES;
				"INFOPLIST_KEY_UIApplicationSceneManifest_Generation[sdk=iphonesimulator*]" = YES;
				"INFOPLIST_KEY_UIApplicationSupportsIndirectInputEvents[sdk=iphoneos*]" = YES;
				"INFOPLIST_KEY_UIApplicationSupportsIndirectInputEvents[sdk=iphonesimulator*]" = YES;
				"INFOPLIST_KEY_UILaunchScreen_Generation[sdk=iphoneos*]" = YES;
				"INFOPLIST_KEY_UILaunchScreen_Generation[sdk=iphonesimulator*]" = YES;
				"INFOPLIST_KEY_UIStatusBarStyle[sdk=iphoneos*]" = UIStatusBarStyleDefault;
				"INFOPLIST_KEY_UIStatusBarStyle[sdk=iphonesimulator*]" = UIStatusBarStyleDefault;
				INFOPLIST_KEY_UISupportedInterfaceOrientations_iPad = "UIInterfaceOrientationPortrait UIInterfaceOrientationPortraitUpsideDown UIInterfaceOrientationLandscapeLeft UIInterfaceOrientationLandscapeRight";
				INFOPLIST_KEY_UISupportedInterfaceOrientations_iPhone = "UIInterfaceOrientationPortrait UIInterfaceOrientationLandscapeLeft UIInterfaceOrientationLandscapeRight";
				IPHONEOS_DEPLOYMENT_TARGET = 16.4;
				LD_RUNPATH_SEARCH_PATHS = "@executable_path/Frameworks";
				"LD_RUNPATH_SEARCH_PATHS[sdk=macosx*]" = "@executable_path/../Frameworks";
				MACOSX_DEPLOYMENT_TARGET = 13.3;
				MARKETING_VERSION = 1.0;
				PRODUCT_BUNDLE_IDENTIFIER = InhoYoo.SwiftUIMemo;
				PRODUCT_NAME = "$(TARGET_NAME)";
				SDKROOT = auto;
				SUPPORTED_PLATFORMS = "iphoneos iphonesimulator macosx";
				SWIFT_EMIT_LOC_STRINGS = YES;
				SWIFT_VERSION = 5.0;
				TARGETED_DEVICE_FAMILY = "1,2";
			};
			name = Release;
		};
		B86BF6C129E261BE0061B37B /* Debug */ = {
			isa = XCBuildConfiguration;
			buildSettings = {
				ALWAYS_EMBED_SWIFT_STANDARD_LIBRARIES = YES;
				BUNDLE_LOADER = "$(TEST_HOST)";
				CODE_SIGN_STYLE = Automatic;
				CURRENT_PROJECT_VERSION = 1;
				GENERATE_INFOPLIST_FILE = YES;
				IPHONEOS_DEPLOYMENT_TARGET = 16.4;
				MACOSX_DEPLOYMENT_TARGET = 13.3;
				MARKETING_VERSION = 1.0;
				PRODUCT_BUNDLE_IDENTIFIER = InhoYoo.SwiftUIMemoTests;
				PRODUCT_NAME = "$(TARGET_NAME)";
				SDKROOT = auto;
				SUPPORTED_PLATFORMS = "iphoneos iphonesimulator macosx";
				SWIFT_EMIT_LOC_STRINGS = NO;
				SWIFT_VERSION = 5.0;
				TARGETED_DEVICE_FAMILY = "1,2";
				TEST_HOST = "$(BUILT_PRODUCTS_DIR)/SwiftUIMemo.app/$(BUNDLE_EXECUTABLE_FOLDER_PATH)/SwiftUIMemo";
			};
			name = Debug;
		};
		B86BF6C229E261BE0061B37B /* Release */ = {
			isa = XCBuildConfiguration;
			buildSettings = {
				ALWAYS_EMBED_SWIFT_STANDARD_LIBRARIES = YES;
				BUNDLE_LOADER = "$(TEST_HOST)";
				CODE_SIGN_STYLE = Automatic;
				CURRENT_PROJECT_VERSION = 1;
				GENERATE_INFOPLIST_FILE = YES;
				IPHONEOS_DEPLOYMENT_TARGET = 16.4;
				MACOSX_DEPLOYMENT_TARGET = 13.3;
				MARKETING_VERSION = 1.0;
				PRODUCT_BUNDLE_IDENTIFIER = InhoYoo.SwiftUIMemoTests;
				PRODUCT_NAME = "$(TARGET_NAME)";
				SDKROOT = auto;
				SUPPORTED_PLATFORMS = "iphoneos iphonesimulator macosx";
				SWIFT_EMIT_LOC_STRINGS = NO;
				SWIFT_VERSION = 5.0;
				TARGETED_DEVICE_FAMILY = "1,2";
				TEST_HOST = "$(BUILT_PRODUCTS_DIR)/SwiftUIMemo.app/$(BUNDLE_EXECUTABLE_FOLDER_PATH)/SwiftUIMemo";
			};
			name = Release;
		};
		B86BF6C429E261BE0061B37B /* Debug */ = {
			isa = XCBuildConfiguration;
			buildSettings = {
				ALWAYS_EMBED_SWIFT_STANDARD_LIBRARIES = YES;
				CODE_SIGN_STYLE = Automatic;
				CURRENT_PROJECT_VERSION = 1;
				GENERATE_INFOPLIST_FILE = YES;
				IPHONEOS_DEPLOYMENT_TARGET = 16.4;
				MACOSX_DEPLOYMENT_TARGET = 13.3;
				MARKETING_VERSION = 1.0;
				PRODUCT_BUNDLE_IDENTIFIER = InhoYoo.SwiftUIMemoUITests;
				PRODUCT_NAME = "$(TARGET_NAME)";
				SDKROOT = auto;
				SUPPORTED_PLATFORMS = "iphoneos iphonesimulator macosx";
				SWIFT_EMIT_LOC_STRINGS = NO;
				SWIFT_VERSION = 5.0;
				TARGETED_DEVICE_FAMILY = "1,2";
				TEST_TARGET_NAME = SwiftUIMemo;
			};
			name = Debug;
		};
		B86BF6C529E261BE0061B37B /* Release */ = {
			isa = XCBuildConfiguration;
			buildSettings = {
				ALWAYS_EMBED_SWIFT_STANDARD_LIBRARIES = YES;
				CODE_SIGN_STYLE = Automatic;
				CURRENT_PROJECT_VERSION = 1;
				GENERATE_INFOPLIST_FILE = YES;
				IPHONEOS_DEPLOYMENT_TARGET = 16.4;
				MACOSX_DEPLOYMENT_TARGET = 13.3;
				MARKETING_VERSION = 1.0;
				PRODUCT_BUNDLE_IDENTIFIER = InhoYoo.SwiftUIMemoUITests;
				PRODUCT_NAME = "$(TARGET_NAME)";
				SDKROOT = auto;
				SUPPORTED_PLATFORMS = "iphoneos iphonesimulator macosx";
				SWIFT_EMIT_LOC_STRINGS = NO;
				SWIFT_VERSION = 5.0;
				TARGETED_DEVICE_FAMILY = "1,2";
				TEST_TARGET_NAME = SwiftUIMemo;
			};
			name = Release;
		};
/* End XCBuildConfiguration section */

/* Begin XCConfigurationList section */
		B86BF68E29E261BD0061B37B /* Build configuration list for PBXProject "SwiftUIMemo" */ = {
			isa = XCConfigurationList;
			buildConfigurations = (
				B86BF6BB29E261BE0061B37B /* Debug */,
				B86BF6BC29E261BE0061B37B /* Release */,
			);
			defaultConfigurationIsVisible = 0;
			defaultConfigurationName = Release;
		};
		B86BF6BD29E261BE0061B37B /* Build configuration list for PBXNativeTarget "SwiftUIMemo" */ = {
			isa = XCConfigurationList;
			buildConfigurations = (
				B86BF6BE29E261BE0061B37B /* Debug */,
				B86BF6BF29E261BE0061B37B /* Release */,
			);
			defaultConfigurationIsVisible = 0;
			defaultConfigurationName = Release;
		};
		B86BF6C029E261BE0061B37B /* Build configuration list for PBXNativeTarget "SwiftUIMemoTests" */ = {
			isa = XCConfigurationList;
			buildConfigurations = (
				B86BF6C129E261BE0061B37B /* Debug */,
				B86BF6C229E261BE0061B37B /* Release */,
			);
			defaultConfigurationIsVisible = 0;
			defaultConfigurationName = Release;
		};
		B86BF6C329E261BE0061B37B /* Build configuration list for PBXNativeTarget "SwiftUIMemoUITests" */ = {
			isa = XCConfigurationList;
			buildConfigurations = (
				B86BF6C429E261BE0061B37B /* Debug */,
				B86BF6C529E261BE0061B37B /* Release */,
			);
			defaultConfigurationIsVisible = 0;
			defaultConfigurationName = Release;
		};
/* End XCConfigurationList section */

/* Begin XCVersionGroup section */
		B86BF69A29E261BD0061B37B /* SwiftUIMemo.xcdatamodeld */ = {
			isa = XCVersionGroup;
			children = (
				B86BF69B29E261BD0061B37B /* SwiftUIMemo.xcdatamodel */,
			);
			currentVersion = B86BF69B29E261BD0061B37B /* SwiftUIMemo.xcdatamodel */;
			path = SwiftUIMemo.xcdatamodeld;
			sourceTree = "<group>";
			versionGroupType = wrapper.xcdatamodel;
		};
/* End XCVersionGroup section */
	};
	rootObject = B86BF68B29E261BD0061B37B /* Project object */;
}
